
Microsoft Visual Studio Solution File, Format Version 12.00
# Visual Studio 15
VisualStudioVersion = 15.0.28307.421
MinimumVisualStudioVersion = 10.0.40219.1
Project("{FAE04EC0-301F-11D3-BF4B-00C04F79EFBC}") = "BuildingVitals", "BuildingVitals\BuildingVitals.csproj", "{02E15DB1-B159-48C5-816E-A6B291C8C49B}"
EndProject
Global
	GlobalSection(SolutionConfigurationPlatforms) = preSolution
		Debug|Any CPU = Debug|Any CPU
		Release|Any CPU = Release|Any CPU
	EndGlobalSection
	GlobalSection(ProjectConfigurationPlatforms) = postSolution
		{02E15DB1-B159-48C5-816E-A6B291C8C49B}.Debug|Any CPU.ActiveCfg = Debug|Any CPU
		{02E15DB1-B159-48C5-816E-A6B291C8C49B}.Debug|Any CPU.Build.0 = Debug|Any CPU
		{02E15DB1-B159-48C5-816E-A6B291C8C49B}.Release|Any CPU.ActiveCfg = Release|Any CPU
		{02E15DB1-B159-48C5-816E-A6B291C8C49B}.Release|Any CPU.Build.0 = Release|Any CPU
	EndGlobalSection
	GlobalSection(SolutionProperties) = preSolution
		HideSolutionNode = FALSE
	EndGlobalSection
	GlobalSection(ExtensibilityGlobals) = postSolution
		SolutionGuid = {603192CA-B8E5-4355-BD0E-C8D01FB4AB1E}
	EndGlobalSection
EndGlobal
